{
  "name": "rollup",
  "version": "1.0.0",
  "lockfileVersion": 2,
  "requires": true,
  "packages": {
    "": {
      "name": "rollup",
      "version": "1.0.0",
      "license": "ISC",
      "dependencies": {
        "-": "^0.0.1",
        "g": "^2.0.1",
        "rollup": "^2.74.1"
      }
    },
    "node_modules/-": {
      "version": "0.0.1",
      "resolved": "https://registry.npmmirror.com/-/-/--0.0.1.tgz",
      "integrity": "sha512-3HfneK3DGAm05fpyj20sT3apkNcvPpCuccOThOPdzz8sY7GgQGe0l93XH9bt+YzibcTIgUAIMoyVJI740RtgyQ=="
    },
    "node_modules/fsevents": {
      "version": "2.3.2",
      "resolved": "https://registry.npmmirror.com/fsevents/-/fsevents-2.3.2.tgz",
      "integrity": "sha512-xiqMQR4xAeHTuB9uWm+fFRcIOgKBMiOBP+eXiyT7jsgVCq1bkVygt00oASowB7EdtpOHaaPgKt812P9ab+DDKA==",
      "hasInstallScript": true,
      "optional": true,
      "os": [
        "darwin"
      ],
      "engines": {
        "node": "^8.16.0 || ^10.6.0 || >=11.0.0"
      }
    },
    "node_modules/g": {
      "version": "2.0.1",
      "resolved": "https://registry.npmmirror.com/g/-/g-2.0.1.tgz",
      "integrity": "sha512-Fi6Ng5fZ/ANLQ15H11hCe+09sgUoNvDEBevVgx3KoYOhsH5iLNPn54hx0jPZ+3oSWr+xajnp2Qau9VmPsc7hTA=="
    },
    "node_modules/rollup": {
      "version": "2.74.1",
      "resolved": "https://registry.npmmirror.com/rollup/-/rollup-2.74.1.tgz",
      "integrity": "sha512-K2zW7kV8Voua5eGkbnBtWYfMIhYhT9Pel2uhBk2WO5eMee161nPze/XRfvEQPFYz7KgrCCnmh2Wy0AMFLGGmMA==",
      "bin": {
        "rollup": "dist/bin/rollup"
      },
      "engines": {
        "node": ">=10.0.0"
      },
      "optionalDependencies": {
        "fsevents": "~2.3.2"
      }
    }
  },
  "dependencies": {
    "-": {
      "version": "0.0.1",
      "resolved": "https://registry.npmmirror.com/-/-/--0.0.1.tgz",
      "integrity": "sha512-3HfneK3DGAm05fpyj20sT3apkNcvPpCuccOThOPdzz8sY7GgQGe0l93XH9bt+YzibcTIgUAIMoyVJI740RtgyQ=="
    },
    "fsevents": {
      "version": "2.3.2",
      "resolved": "https://registry.npmmirror.com/fsevents/-/fsevents-2.3.2.tgz",
      "integrity": "sha512-xiqMQR4xAeHTuB9uWm+fFRcIOgKBMiOBP+eXiyT7jsgVCq1bkVygt00oASowB7EdtpOHaaPgKt812P9ab+DDKA==",
      "optional": true
    },
    "g": {
      "version": "2.0.1",
      "resolved": "https://registry.npmmirror.com/g/-/g-2.0.1.tgz",
      "integrity": "sha512-Fi6Ng5fZ/ANLQ15H11hCe+09sgUoNvDEBevVgx3KoYOhsH5iLNPn54hx0jPZ+3oSWr+xajnp2Qau9VmPsc7hTA=="
    },
    "rollup": {
      "version": "2.74.1",
      "resolved": "https://registry.npmmirror.com/rollup/-/rollup-2.74.1.tgz",
      "integrity": "sha512-K2zW7kV8Voua5eGkbnBtWYfMIhYhT9Pel2uhBk2WO5eMee161nPze/XRfvEQPFYz7KgrCCnmh2Wy0AMFLGGmMA==",
      "requires": {
        "fsevents": "~2.3.2"
      }
    }
  }
}
